
Microsoft Visual Studio Solution File, Format Version 11.00
# Visual Studio 2010
Project("{FAE04EC0-301F-11D3-BF4B-00C04F79EFBC}") = "Flickr-on-tiles", "Flickr-on-tiles\Flickr-on-tiles.csproj", "{DE202982-F2BF-4EE6-A89E-780B27D8B5F0}"
EndProject
Global
	GlobalSection(SolutionConfigurationPlatforms) = preSolution
		Debug|Any CPU = Debug|Any CPU
		Release|Any CPU = Release|Any CPU
	EndGlobalSection
	GlobalSection(ProjectConfigurationPlatforms) = postSolution
		{DE202982-F2BF-4EE6-A89E-780B27D8B5F0}.Debug|Any CPU.ActiveCfg = Debug|Any CPU
		{DE202982-F2BF-4EE6-A89E-780B27D8B5F0}.Debug|Any CPU.Build.0 = Debug|Any CPU
		{DE202982-F2BF-4EE6-A89E-780B27D8B5F0}.Debug|Any CPU.Deploy.0 = Debug|Any CPU
		{DE202982-F2BF-4EE6-A89E-780B27D8B5F0}.Release|Any CPU.ActiveCfg = Release|Any CPU
		{DE202982-F2BF-4EE6-A89E-780B27D8B5F0}.Release|Any CPU.Build.0 = Release|Any CPU
		{DE202982-F2BF-4EE6-A89E-780B27D8B5F0}.Release|Any CPU.Deploy.0 = Release|Any CPU
	EndGlobalSection
	GlobalSection(SolutionProperties) = preSolution
		HideSolutionNode = FALSE
	EndGlobalSection
EndGlobal
