
Microsoft Visual Studio Solution File, Format Version 11.00
# Visual Studio 2010
Project("{FAE04EC0-301F-11D3-BF4B-00C04F79EFBC}") = "Picasa-on-Tiles", "Picasa-on-Tiles\Picasa-on-Tiles.csproj", "{04CCCC13-73E2-4A4C-B164-B67C50A5D944}"
EndProject
Global
	GlobalSection(SolutionConfigurationPlatforms) = preSolution
		Debug|Any CPU = Debug|Any CPU
		Release|Any CPU = Release|Any CPU
	EndGlobalSection
	GlobalSection(ProjectConfigurationPlatforms) = postSolution
		{04CCCC13-73E2-4A4C-B164-B67C50A5D944}.Debug|Any CPU.ActiveCfg = Debug|Any CPU
		{04CCCC13-73E2-4A4C-B164-B67C50A5D944}.Debug|Any CPU.Build.0 = Debug|Any CPU
		{04CCCC13-73E2-4A4C-B164-B67C50A5D944}.Debug|Any CPU.Deploy.0 = Debug|Any CPU
		{04CCCC13-73E2-4A4C-B164-B67C50A5D944}.Release|Any CPU.ActiveCfg = Release|Any CPU
		{04CCCC13-73E2-4A4C-B164-B67C50A5D944}.Release|Any CPU.Build.0 = Release|Any CPU
		{04CCCC13-73E2-4A4C-B164-B67C50A5D944}.Release|Any CPU.Deploy.0 = Release|Any CPU
	EndGlobalSection
	GlobalSection(SolutionProperties) = preSolution
		HideSolutionNode = FALSE
	EndGlobalSection
EndGlobal
